
Microsoft Visual Studio Solution File, Format Version 12.00
# Visual Studio 15
VisualStudioVersion = 15.0.27703.1
MinimumVisualStudioVersion = 10.0.40219.1
Project("{FAE04EC0-301F-11D3-BF4B-00C04F79EFBC}") = "ExploreCalifonia", "ExploreCalifonia\ExploreCalifonia.csproj", "{B31BB154-1593-4A9C-9077-45107FA8D575}"
EndProject
Global
	GlobalSection(SolutionConfigurationPlatforms) = preSolution
		Debug|Any CPU = Debug|Any CPU
		Release|Any CPU = Release|Any CPU
	EndGlobalSection
	GlobalSection(ProjectConfigurationPlatforms) = postSolution
		{B31BB154-1593-4A9C-9077-45107FA8D575}.Debug|Any CPU.ActiveCfg = Debug|Any CPU
		{B31BB154-1593-4A9C-9077-45107FA8D575}.Debug|Any CPU.Build.0 = Debug|Any CPU
		{B31BB154-1593-4A9C-9077-45107FA8D575}.Release|Any CPU.ActiveCfg = Release|Any CPU
		{B31BB154-1593-4A9C-9077-45107FA8D575}.Release|Any CPU.Build.0 = Release|Any CPU
	EndGlobalSection
	GlobalSection(SolutionProperties) = preSolution
		HideSolutionNode = FALSE
	EndGlobalSection
	GlobalSection(ExtensibilityGlobals) = postSolution
		SolutionGuid = {145BC407-0956-4A85-845B-F2E18D91A2CF}
	EndGlobalSection
EndGlobal
